
Microsoft Visual Studio Solution File, Format Version 12.00
# Visual Studio 14
VisualStudioVersion = 14.0.25420.1
MinimumVisualStudioVersion = 10.0.40219.1
Project("{FAE04EC0-301F-11D3-BF4B-00C04F79EFBC}") = "Widgets", "Widgets\Widgets.csproj", "{263CB517-B27F-40A1-9827-6EBAF4718EB9}"
EndProject
Project("{FAE04EC0-301F-11D3-BF4B-00C04F79EFBC}") = "Widgets.Data", "Widgets.Data\Widgets.Data.csproj", "{D710DD00-ACD5-418A-ACBF-EC121DEFA00E}"
EndProject
Project("{FAE04EC0-301F-11D3-BF4B-00C04F79EFBC}") = "Widgets.Tests", "Widgets.Tests\Widgets.Tests.csproj", "{69200D28-5462-4E3B-8D64-B6005D8E5E31}"
EndProject
Global
	GlobalSection(SolutionConfigurationPlatforms) = preSolution
		Debug|Any CPU = Debug|Any CPU
		Release|Any CPU = Release|Any CPU
	EndGlobalSection
	GlobalSection(ProjectConfigurationPlatforms) = postSolution
		{263CB517-B27F-40A1-9827-6EBAF4718EB9}.Debug|Any CPU.ActiveCfg = Debug|Any CPU
		{263CB517-B27F-40A1-9827-6EBAF4718EB9}.Debug|Any CPU.Build.0 = Debug|Any CPU
		{263CB517-B27F-40A1-9827-6EBAF4718EB9}.Release|Any CPU.ActiveCfg = Release|Any CPU
		{263CB517-B27F-40A1-9827-6EBAF4718EB9}.Release|Any CPU.Build.0 = Release|Any CPU
		{D710DD00-ACD5-418A-ACBF-EC121DEFA00E}.Debug|Any CPU.ActiveCfg = Debug|Any CPU
		{D710DD00-ACD5-418A-ACBF-EC121DEFA00E}.Debug|Any CPU.Build.0 = Debug|Any CPU
		{D710DD00-ACD5-418A-ACBF-EC121DEFA00E}.Release|Any CPU.ActiveCfg = Release|Any CPU
		{D710DD00-ACD5-418A-ACBF-EC121DEFA00E}.Release|Any CPU.Build.0 = Release|Any CPU
		{69200D28-5462-4E3B-8D64-B6005D8E5E31}.Debug|Any CPU.ActiveCfg = Debug|Any CPU
		{69200D28-5462-4E3B-8D64-B6005D8E5E31}.Debug|Any CPU.Build.0 = Debug|Any CPU
		{69200D28-5462-4E3B-8D64-B6005D8E5E31}.Release|Any CPU.ActiveCfg = Release|Any CPU
		{69200D28-5462-4E3B-8D64-B6005D8E5E31}.Release|Any CPU.Build.0 = Release|Any CPU
	EndGlobalSection
	GlobalSection(SolutionProperties) = preSolution
		HideSolutionNode = FALSE
	EndGlobalSection
EndGlobal
